
Microsoft Visual Studio Solution File, Format Version 12.00
# Visual Studio Version 16
VisualStudioVersion = 16.0.31729.503
MinimumVisualStudioVersion = 10.0.40219.1
Project("{FAE04EC0-301F-11D3-BF4B-00C04F79EFBC}") = "Inventory Management Web", "Inventory Management Web\Inventory Management Web.csproj", "{44CDF38D-9120-4B7E-8A9B-0A1A4170843A}"
EndProject
Global
	GlobalSection(SolutionConfigurationPlatforms) = preSolution
		Debug|Any CPU = Debug|Any CPU
		Release|Any CPU = Release|Any CPU
	EndGlobalSection
	GlobalSection(ProjectConfigurationPlatforms) = postSolution
		{44CDF38D-9120-4B7E-8A9B-0A1A4170843A}.Debug|Any CPU.ActiveCfg = Debug|Any CPU
		{44CDF38D-9120-4B7E-8A9B-0A1A4170843A}.Debug|Any CPU.Build.0 = Debug|Any CPU
		{44CDF38D-9120-4B7E-8A9B-0A1A4170843A}.Release|Any CPU.ActiveCfg = Release|Any CPU
		{44CDF38D-9120-4B7E-8A9B-0A1A4170843A}.Release|Any CPU.Build.0 = Release|Any CPU
	EndGlobalSection
	GlobalSection(SolutionProperties) = preSolution
		HideSolutionNode = FALSE
	EndGlobalSection
	GlobalSection(ExtensibilityGlobals) = postSolution
		SolutionGuid = {B82D90B7-E4D6-4922-8AFA-C311B11DE939}
	EndGlobalSection
EndGlobal
